{
  "name": "nvim",
  "lockfileVersion": 3,
  "requires": true,
  "packages": {
    "": {
      "dependencies": {
        "jsonls": "^0.0.4",
        "pyright": "^1.1.402"
      }
    },
    "node_modules/dev-null": {
      "version": "0.1.1",
      "resolved": "https://registry.npmjs.org/dev-null/-/dev-null-0.1.1.tgz",
      "integrity": "sha512-nMNZG0zfMgmdv8S5O0TM5cpwNbGKRGPCxVsr0SmA3NZZy9CYBbuNLL0PD3Acx9e5LIUgwONXtM9kM6RlawPxEQ==",
      "license": "MIT"
    },
    "node_modules/fsevents": {
      "version": "2.3.3",
      "resolved": "https://registry.npmjs.org/fsevents/-/fsevents-2.3.3.tgz",
      "integrity": "sha512-5xoDfX+fL7faATnagmWPpbFtwh/R77WmMMqqHGS65C3vvB0YHrgF+B1YmZ3441tMj5n63k0212XNoJwzlhffQw==",
      "hasInstallScript": true,
      "license": "MIT",
      "optional": true,
      "os": [
        "darwin"
      ],
      "engines": {
        "node": "^8.16.0 || ^10.6.0 || >=11.0.0"
      }
    },
    "node_modules/jsonls": {
      "version": "0.0.4",
      "resolved": "https://registry.npmjs.org/jsonls/-/jsonls-0.0.4.tgz",
      "integrity": "sha512-S7Ttsem2AhhG31PZrKc0S7JfWoBgc19KPb+wUYkBEX1ARVtVcDhb+fXrDfb7WOaRO7fXcoVPJRZSfE2bz69Bbw==",
      "license": "MIT",
      "dependencies": {
        "dev-null": "^0.1.1"
      },
      "bin": {
        "jsonls": "jsonls.js"
      }
    },
    "node_modules/pyright": {
      "version": "1.1.402",
      "resolved": "https://registry.npmjs.org/pyright/-/pyright-1.1.402.tgz",
      "integrity": "sha512-DwzfZFTlqg9j7VDvwSIORmTsYL8awHMce8DaNV7n+M3KjD0wFEWBQrxSUX6N0pv2BJcKe1PKx+8x9yfJRQvqKQ==",
      "license": "MIT",
      "bin": {
        "pyright": "index.js",
        "pyright-langserver": "langserver.index.js"
      },
      "engines": {
        "node": ">=14.0.0"
      },
      "optionalDependencies": {
        "fsevents": "~2.3.3"
      }
    }
  }
}
